// !$*UTF8*$!
{
	archiveVersion = 1;
	classes = {
	};
	objectVersion = 56;
	objects = {

/* Begin PBXBuildFile section */
		5F1F9C282A69336500E3FB00 /* SwiftSMTP in Frameworks */ = {isa = PBXBuildFile; productRef = 5F1F9C272A69336500E3FB00 /* SwiftSMTP */; };
		5F1F9C4D2A696E8A00E3FB00 /* LoginViewController.swift in Sources */ = {isa = PBXBuildFile; fileRef = 5F1F9C4C2A696E8A00E3FB00 /* LoginViewController.swift */; };
		5F1F9C4F2A696EA600E3FB00 /* LoginSceneBuilder.swift in Sources */ = {isa = PBXBuildFile; fileRef = 5F1F9C4E2A696EA600E3FB00 /* LoginSceneBuilder.swift */; };
		5F29126F2A6F62E8000A8FCE /* BlogLikeViewController.swift in Sources */ = {isa = PBXBuildFile; fileRef = 5F29126E2A6F62E8000A8FCE /* BlogLikeViewController.swift */; };
		5F8B1CE52A6E38E70023BA85 /* Tabman in Frameworks */ = {isa = PBXBuildFile; productRef = 5F8B1CE42A6E38E70023BA85 /* Tabman */; };
		5F8B1CF22A6E75BF0023BA85 /* BlogSceneBuilder.swift in Sources */ = {isa = PBXBuildFile; fileRef = 5F8B1CF12A6E75BF0023BA85 /* BlogSceneBuilder.swift */; };
		5F8B1CF52A6E76270023BA85 /* VideoLikeViewSpec.swift in Sources */ = {isa = PBXBuildFile; fileRef = 5F8B1CF42A6E76270023BA85 /* VideoLikeViewSpec.swift */; };
		5F8B1CF72A6E76350023BA85 /* VideoLikeViewController.swift in Sources */ = {isa = PBXBuildFile; fileRef = 5F8B1CF62A6E76350023BA85 /* VideoLikeViewController.swift */; };
		5FA04F5F2A63E0CA006E6FA6 /* AppDelegate.swift in Sources */ = {isa = PBXBuildFile; fileRef = 5FA04F5E2A63E0CA006E6FA6 /* AppDelegate.swift */; };
		5FA04F612A63E0CA006E6FA6 /* SceneDelegate.swift in Sources */ = {isa = PBXBuildFile; fileRef = 5FA04F602A63E0CA006E6FA6 /* SceneDelegate.swift */; };
		5FA04F682A63E0CB006E6FA6 /* Assets.xcassets in Resources */ = {isa = PBXBuildFile; fileRef = 5FA04F672A63E0CB006E6FA6 /* Assets.xcassets */; };
		5FA04F6B2A63E0CB006E6FA6 /* LaunchScreen.storyboard in Resources */ = {isa = PBXBuildFile; fileRef = 5FA04F692A63E0CB006E6FA6 /* LaunchScreen.storyboard */; };
		5FAED9552A67A1BC006E89FC /* ReviewSceneBuilder.swift in Sources */ = {isa = PBXBuildFile; fileRef = 5FAED9542A67A1BC006E89FC /* ReviewSceneBuilder.swift */; };
		5FAED9582A67A2CB006E89FC /* MTableView.swift in Sources */ = {isa = PBXBuildFile; fileRef = 5FAED9572A67A2CB006E89FC /* MTableView.swift */; };
		5FAED95A2A67A30E006E89FC /* MTabbarView.swift in Sources */ = {isa = PBXBuildFile; fileRef = 5FAED9592A67A30E006E89FC /* MTabbarView.swift */; };
		5FAED95C2A67A347006E89FC /* MTagCollectionView.swift in Sources */ = {isa = PBXBuildFile; fileRef = 5FAED95B2A67A347006E89FC /* MTagCollectionView.swift */; };
		5FAED95E2A67A377006E89FC /* MTextField.swift in Sources */ = {isa = PBXBuildFile; fileRef = 5FAED95D2A67A377006E89FC /* MTextField.swift */; };
		5FAED9602A67A3A2006E89FC /* MTextLabel.swift in Sources */ = {isa = PBXBuildFile; fileRef = 5FAED95F2A67A3A2006E89FC /* MTextLabel.swift */; };
		5FAED9622A67A3CB006E89FC /* MMainCollectionView.swift in Sources */ = {isa = PBXBuildFile; fileRef = 5FAED9612A67A3CB006E89FC /* MMainCollectionView.swift */; };
		5FAED9642A67A40B006E89FC /* MNavigationItem.swift in Sources */ = {isa = PBXBuildFile; fileRef = 5FAED9632A67A40B006E89FC /* MNavigationItem.swift */; };
		5FAED9682A67A56C006E89FC /* LikeViewController.swift in Sources */ = {isa = PBXBuildFile; fileRef = 5FAED9672A67A56C006E89FC /* LikeViewController.swift */; };
		5FAED96A2A67A59D006E89FC /* LikeSceneBuilder.swift in Sources */ = {isa = PBXBuildFile; fileRef = 5FAED9692A67A59D006E89FC /* LikeSceneBuilder.swift */; };
		5FAED96C2A67C39A006E89FC /* MButton.swift in Sources */ = {isa = PBXBuildFile; fileRef = 5FAED96B2A67C39A006E89FC /* MButton.swift */; };
		5FAED9702A67FC2E006E89FC /* GlobalDummy.swift in Sources */ = {isa = PBXBuildFile; fileRef = 5FAED96F2A67FC2E006E89FC /* GlobalDummy.swift */; };
		5FAED9752A6834AB006E89FC /* QuestionViewController.swift in Sources */ = {isa = PBXBuildFile; fileRef = 5FAED9742A6834AB006E89FC /* QuestionViewController.swift */; };
		5FAED9772A6834C1006E89FC /* QuestionSceneBuilder.swift in Sources */ = {isa = PBXBuildFile; fileRef = 5FAED9762A6834C1006E89FC /* QuestionSceneBuilder.swift */; };
		5FC05BFE2A66565900B12A03 /* ReviewViewController.swift in Sources */ = {isa = PBXBuildFile; fileRef = 5FC05BFD2A66565900B12A03 /* ReviewViewController.swift */; };
		5FC05C032A66B02B00B12A03 /* CousinViewController.swift in Sources */ = {isa = PBXBuildFile; fileRef = 5FC05C022A66B02B00B12A03 /* CousinViewController.swift */; };
		5FC05C052A66C01A00B12A03 /* CousinSceneBuilder.swift in Sources */ = {isa = PBXBuildFile; fileRef = 5FC05C042A66C01A00B12A03 /* CousinSceneBuilder.swift */; };
		5FC05C0A2A66C68300B12A03 /* HomeViewPresenter.swift in Sources */ = {isa = PBXBuildFile; fileRef = 5FC05C092A66C68300B12A03 /* HomeViewPresenter.swift */; };
		5FC05C0C2A66C69100B12A03 /* CousinViewPresenter.swift in Sources */ = {isa = PBXBuildFile; fileRef = 5FC05C0B2A66C69100B12A03 /* CousinViewPresenter.swift */; };
		5FE1651C2A64D5B50016C79D /* BaseViewController.swift in Sources */ = {isa = PBXBuildFile; fileRef = 5FE1651B2A64D5B50016C79D /* BaseViewController.swift */; };
		5FE1651E2A64D5C80016C79D /* BaseNavigationController.swift in Sources */ = {isa = PBXBuildFile; fileRef = 5FE1651D2A64D5C80016C79D /* BaseNavigationController.swift */; };
		5FE165262A64D7D40016C79D /* ViewBuilderSpec.swift in Sources */ = {isa = PBXBuildFile; fileRef = 5FE165252A64D7D40016C79D /* ViewBuilderSpec.swift */; };
		5FE165292A64D9360016C79D /* Theme.swift in Sources */ = {isa = PBXBuildFile; fileRef = 5FE165282A64D9360016C79D /* Theme.swift */; };
		5FE1652B2A64DCD00016C79D /* HomeViewController.swift in Sources */ = {isa = PBXBuildFile; fileRef = 5FE1652A2A64DCD00016C79D /* HomeViewController.swift */; };
		5FE165302A64E4CB0016C79D /* HomeSceneBuilder.swift in Sources */ = {isa = PBXBuildFile; fileRef = 5FE1652F2A64E4CB0016C79D /* HomeSceneBuilder.swift */; };
		5FE165522A652CF40016C79D /* UIImage.swift in Sources */ = {isa = PBXBuildFile; fileRef = 5FE165512A652CF40016C79D /* UIImage.swift */; };
		5FE165542A6550B80016C79D /* Logger.swift in Sources */ = {isa = PBXBuildFile; fileRef = 5FE165532A6550B80016C79D /* Logger.swift */; };
		5FED38082A6A547800CADAA3 /* Toast.swift in Sources */ = {isa = PBXBuildFile; fileRef = 5FED38072A6A547800CADAA3 /* Toast.swift */; };
		5FED380E2A6ACF1A00CADAA3 /* YouTubeiOSPlayerHelper in Frameworks */ = {isa = PBXBuildFile; productRef = 5FED380D2A6ACF1A00CADAA3 /* YouTubeiOSPlayerHelper */; };
		5FED38112A6AD30300CADAA3 /* VideoPlayerViewController.swift in Sources */ = {isa = PBXBuildFile; fileRef = 5FED38102A6AD30300CADAA3 /* VideoPlayerViewController.swift */; };
		5FED38132A6AD31300CADAA3 /* VideoPlayerSceneBuilder.swift in Sources */ = {isa = PBXBuildFile; fileRef = 5FED38122A6AD31300CADAA3 /* VideoPlayerSceneBuilder.swift */; };
		613D62B17153445333001232 /* Pods_Mepvengers.framework in Frameworks */ = {isa = PBXBuildFile; fileRef = 32D5040AF080804EBA38775F /* Pods_Mepvengers.framework */; };
/* End PBXBuildFile section */

/* Begin PBXFileReference section */
		32D5040AF080804EBA38775F /* Pods_Mepvengers.framework */ = {isa = PBXFileReference; explicitFileType = wrapper.framework; includeInIndex = 0; path = Pods_Mepvengers.framework; sourceTree = BUILT_PRODUCTS_DIR; };
		5F1F9C4C2A696E8A00E3FB00 /* LoginViewController.swift */ = {isa = PBXFileReference; lastKnownFileType = sourcecode.swift; path = LoginViewController.swift; sourceTree = "<group>"; };
		5F1F9C4E2A696EA600E3FB00 /* LoginSceneBuilder.swift */ = {isa = PBXFileReference; lastKnownFileType = sourcecode.swift; path = LoginSceneBuilder.swift; sourceTree = "<group>"; };
		5F29126E2A6F62E8000A8FCE /* BlogLikeViewController.swift */ = {isa = PBXFileReference; lastKnownFileType = sourcecode.swift; path = BlogLikeViewController.swift; sourceTree = "<group>"; };
		5F8B1CF12A6E75BF0023BA85 /* BlogSceneBuilder.swift */ = {isa = PBXFileReference; lastKnownFileType = sourcecode.swift; path = BlogSceneBuilder.swift; sourceTree = "<group>"; };
		5F8B1CF42A6E76270023BA85 /* VideoLikeViewSpec.swift */ = {isa = PBXFileReference; lastKnownFileType = sourcecode.swift; path = VideoLikeViewSpec.swift; sourceTree = "<group>"; };
		5F8B1CF62A6E76350023BA85 /* VideoLikeViewController.swift */ = {isa = PBXFileReference; lastKnownFileType = sourcecode.swift; path = VideoLikeViewController.swift; sourceTree = "<group>"; };
		5FA04F5B2A63E0CA006E6FA6 /* Mepvengers.app */ = {isa = PBXFileReference; explicitFileType = wrapper.application; includeInIndex = 0; path = Mepvengers.app; sourceTree = BUILT_PRODUCTS_DIR; };
		5FA04F5E2A63E0CA006E6FA6 /* AppDelegate.swift */ = {isa = PBXFileReference; lastKnownFileType = sourcecode.swift; path = AppDelegate.swift; sourceTree = "<group>"; };
		5FA04F602A63E0CA006E6FA6 /* SceneDelegate.swift */ = {isa = PBXFileReference; lastKnownFileType = sourcecode.swift; path = SceneDelegate.swift; sourceTree = "<group>"; };
		5FA04F672A63E0CB006E6FA6 /* Assets.xcassets */ = {isa = PBXFileReference; lastKnownFileType = folder.assetcatalog; path = Assets.xcassets; sourceTree = "<group>"; };
		5FA04F6A2A63E0CB006E6FA6 /* Base */ = {isa = PBXFileReference; lastKnownFileType = file.storyboard; name = Base; path = Base.lproj/LaunchScreen.storyboard; sourceTree = "<group>"; };
		5FA04F6C2A63E0CB006E6FA6 /* Info.plist */ = {isa = PBXFileReference; lastKnownFileType = text.plist.xml; path = Info.plist; sourceTree = "<group>"; };
		5FAED94F2A677A22006E89FC /* naver_api.geojson */ = {isa = PBXFileReference; lastKnownFileType = text; path = naver_api.geojson; sourceTree = "<group>"; };
		5FAED9502A677A90006E89FC /* naver_api_header_content.md */ = {isa = PBXFileReference; lastKnownFileType = net.daringfireball.markdown; path = naver_api_header_content.md; sourceTree = "<group>"; };
		5FAED9512A677B59006E89FC /* kakao_api.geojson */ = {isa = PBXFileReference; lastKnownFileType = text; path = kakao_api.geojson; sourceTree = "<group>"; };
		5FAED9522A677B79006E89FC /* kakao_api_header_content.md */ = {isa = PBXFileReference; lastKnownFileType = net.daringfireball.markdown; path = kakao_api_header_content.md; sourceTree = "<group>"; };
		5FAED9532A677BF7006E89FC /* kakao_sample_image_api.geojson */ = {isa = PBXFileReference; lastKnownFileType = text; path = kakao_sample_image_api.geojson; sourceTree = "<group>"; };
		5FAED9542A67A1BC006E89FC /* ReviewSceneBuilder.swift */ = {isa = PBXFileReference; lastKnownFileType = sourcecode.swift; path = ReviewSceneBuilder.swift; sourceTree = "<group>"; };
		5FAED9572A67A2CB006E89FC /* MTableView.swift */ = {isa = PBXFileReference; lastKnownFileType = sourcecode.swift; path = MTableView.swift; sourceTree = "<group>"; };
		5FAED9592A67A30E006E89FC /* MTabbarView.swift */ = {isa = PBXFileReference; lastKnownFileType = sourcecode.swift; path = MTabbarView.swift; sourceTree = "<group>"; };
		5FAED95B2A67A347006E89FC /* MTagCollectionView.swift */ = {isa = PBXFileReference; lastKnownFileType = sourcecode.swift; path = MTagCollectionView.swift; sourceTree = "<group>"; };
		5FAED95D2A67A377006E89FC /* MTextField.swift */ = {isa = PBXFileReference; lastKnownFileType = sourcecode.swift; path = MTextField.swift; sourceTree = "<group>"; };
		5FAED95F2A67A3A2006E89FC /* MTextLabel.swift */ = {isa = PBXFileReference; lastKnownFileType = sourcecode.swift; path = MTextLabel.swift; sourceTree = "<group>"; };
		5FAED9612A67A3CB006E89FC /* MMainCollectionView.swift */ = {isa = PBXFileReference; lastKnownFileType = sourcecode.swift; path = MMainCollectionView.swift; sourceTree = "<group>"; };
		5FAED9632A67A40B006E89FC /* MNavigationItem.swift */ = {isa = PBXFileReference; lastKnownFileType = sourcecode.swift; path = MNavigationItem.swift; sourceTree = "<group>"; };
		5FAED9672A67A56C006E89FC /* LikeViewController.swift */ = {isa = PBXFileReference; lastKnownFileType = sourcecode.swift; path = LikeViewController.swift; sourceTree = "<group>"; };
		5FAED9692A67A59D006E89FC /* LikeSceneBuilder.swift */ = {isa = PBXFileReference; lastKnownFileType = sourcecode.swift; path = LikeSceneBuilder.swift; sourceTree = "<group>"; };
		5FAED96B2A67C39A006E89FC /* MButton.swift */ = {isa = PBXFileReference; lastKnownFileType = sourcecode.swift; path = MButton.swift; sourceTree = "<group>"; };
		5FAED96F2A67FC2E006E89FC /* GlobalDummy.swift */ = {isa = PBXFileReference; lastKnownFileType = sourcecode.swift; path = GlobalDummy.swift; sourceTree = "<group>"; };
		5FAED9742A6834AB006E89FC /* QuestionViewController.swift */ = {isa = PBXFileReference; lastKnownFileType = sourcecode.swift; path = QuestionViewController.swift; sourceTree = "<group>"; };
		5FAED9762A6834C1006E89FC /* QuestionSceneBuilder.swift */ = {isa = PBXFileReference; lastKnownFileType = sourcecode.swift; path = QuestionSceneBuilder.swift; sourceTree = "<group>"; };
		5FC05BFD2A66565900B12A03 /* ReviewViewController.swift */ = {isa = PBXFileReference; lastKnownFileType = sourcecode.swift; path = ReviewViewController.swift; sourceTree = "<group>"; };
		5FC05C022A66B02B00B12A03 /* CousinViewController.swift */ = {isa = PBXFileReference; lastKnownFileType = sourcecode.swift; path = CousinViewController.swift; sourceTree = "<group>"; };
		5FC05C042A66C01A00B12A03 /* CousinSceneBuilder.swift */ = {isa = PBXFileReference; lastKnownFileType = sourcecode.swift; path = CousinSceneBuilder.swift; sourceTree = "<group>"; };
		5FC05C092A66C68300B12A03 /* HomeViewPresenter.swift */ = {isa = PBXFileReference; lastKnownFileType = sourcecode.swift; path = HomeViewPresenter.swift; sourceTree = "<group>"; };
		5FC05C0B2A66C69100B12A03 /* CousinViewPresenter.swift */ = {isa = PBXFileReference; lastKnownFileType = sourcecode.swift; path = CousinViewPresenter.swift; sourceTree = "<group>"; };
		5FE1651B2A64D5B50016C79D /* BaseViewController.swift */ = {isa = PBXFileReference; lastKnownFileType = sourcecode.swift; path = BaseViewController.swift; sourceTree = "<group>"; };
		5FE1651D2A64D5C80016C79D /* BaseNavigationController.swift */ = {isa = PBXFileReference; lastKnownFileType = sourcecode.swift; path = BaseNavigationController.swift; sourceTree = "<group>"; };
		5FE165252A64D7D40016C79D /* ViewBuilderSpec.swift */ = {isa = PBXFileReference; lastKnownFileType = sourcecode.swift; path = ViewBuilderSpec.swift; sourceTree = "<group>"; };
		5FE165282A64D9360016C79D /* Theme.swift */ = {isa = PBXFileReference; lastKnownFileType = sourcecode.swift; path = Theme.swift; sourceTree = "<group>"; };
		5FE1652A2A64DCD00016C79D /* HomeViewController.swift */ = {isa = PBXFileReference; lastKnownFileType = sourcecode.swift; path = HomeViewController.swift; sourceTree = "<group>"; };
		5FE1652F2A64E4CB0016C79D /* HomeSceneBuilder.swift */ = {isa = PBXFileReference; lastKnownFileType = sourcecode.swift; path = HomeSceneBuilder.swift; sourceTree = "<group>"; };
		5FE165512A652CF40016C79D /* UIImage.swift */ = {isa = PBXFileReference; lastKnownFileType = sourcecode.swift; path = UIImage.swift; sourceTree = "<group>"; };
		5FE165532A6550B80016C79D /* Logger.swift */ = {isa = PBXFileReference; lastKnownFileType = sourcecode.swift; path = Logger.swift; sourceTree = "<group>"; };
		5FED38072A6A547800CADAA3 /* Toast.swift */ = {isa = PBXFileReference; lastKnownFileType = sourcecode.swift; path = Toast.swift; sourceTree = "<group>"; };
		5FED38092A6A9FC600CADAA3 /* kakao_movie_api.geojson */ = {isa = PBXFileReference; lastKnownFileType = text; path = kakao_movie_api.geojson; sourceTree = "<group>"; };
		5FED380A2A6A9FE800CADAA3 /* kakao_movie_header_content.md */ = {isa = PBXFileReference; lastKnownFileType = net.daringfireball.markdown; path = kakao_movie_header_content.md; sourceTree = "<group>"; };
		5FED380B2A6AC4F100CADAA3 /* google_video_api.geojson */ = {isa = PBXFileReference; lastKnownFileType = text; path = google_video_api.geojson; sourceTree = "<group>"; };
		5FED38102A6AD30300CADAA3 /* VideoPlayerViewController.swift */ = {isa = PBXFileReference; lastKnownFileType = sourcecode.swift; path = VideoPlayerViewController.swift; sourceTree = "<group>"; };
		5FED38122A6AD31300CADAA3 /* VideoPlayerSceneBuilder.swift */ = {isa = PBXFileReference; lastKnownFileType = sourcecode.swift; path = VideoPlayerSceneBuilder.swift; sourceTree = "<group>"; };
		68A7AAEDA7EADAEC5FC6CFDA /* Pods-Mepvengers.debug.xcconfig */ = {isa = PBXFileReference; includeInIndex = 1; lastKnownFileType = text.xcconfig; name = "Pods-Mepvengers.debug.xcconfig"; path = "Target Support Files/Pods-Mepvengers/Pods-Mepvengers.debug.xcconfig"; sourceTree = "<group>"; };
		9A42A90DA341D908A0BA45F7 /* Pods-Mepvengers.release.xcconfig */ = {isa = PBXFileReference; includeInIndex = 1; lastKnownFileType = text.xcconfig; name = "Pods-Mepvengers.release.xcconfig"; path = "Target Support Files/Pods-Mepvengers/Pods-Mepvengers.release.xcconfig"; sourceTree = "<group>"; };
/* End PBXFileReference section */

/* Begin PBXFrameworksBuildPhase section */
		5FA04F582A63E0CA006E6FA6 /* Frameworks */ = {
			isa = PBXFrameworksBuildPhase;
			buildActionMask = 2147483647;
			files = (
				5F1F9C282A69336500E3FB00 /* SwiftSMTP in Frameworks */,
				5F8B1CE52A6E38E70023BA85 /* Tabman in Frameworks */,
				613D62B17153445333001232 /* Pods_Mepvengers.framework in Frameworks */,
				5FED380E2A6ACF1A00CADAA3 /* YouTubeiOSPlayerHelper in Frameworks */,
			);
			runOnlyForDeploymentPostprocessing = 0;
		};
/* End PBXFrameworksBuildPhase section */

/* Begin PBXGroup section */
		5F1F9C4B2A696E5C00E3FB00 /* LoginView */ = {
			isa = PBXGroup;
			children = (
				5F1F9C4C2A696E8A00E3FB00 /* LoginViewController.swift */,
				5F1F9C4E2A696EA600E3FB00 /* LoginSceneBuilder.swift */,
			);
			path = LoginView;
			sourceTree = "<group>";
		};
		5F8B1CEE2A6E75730023BA85 /* BlogLikeView */ = {
			isa = PBXGroup;
			children = (
				5F8B1CF12A6E75BF0023BA85 /* BlogSceneBuilder.swift */,
				5F29126E2A6F62E8000A8FCE /* BlogLikeViewController.swift */,
			);
			path = BlogLikeView;
			sourceTree = "<group>";
		};
		5F8B1CF32A6E760C0023BA85 /* VideoLikeView */ = {
			isa = PBXGroup;
			children = (
				5F8B1CF42A6E76270023BA85 /* VideoLikeViewSpec.swift */,
				5F8B1CF62A6E76350023BA85 /* VideoLikeViewController.swift */,
			);
			path = VideoLikeView;
			sourceTree = "<group>";
		};
		5FA04F522A63E0CA006E6FA6 = {
			isa = PBXGroup;
			children = (
				5FA04F5D2A63E0CA006E6FA6 /* Mepvengers */,
				5FA04F5C2A63E0CA006E6FA6 /* Products */,
				66970EC637CACC2DB5EB4CAB /* Pods */,
				84885030F342CE71BCAA2536 /* Frameworks */,
			);
			sourceTree = "<group>";
		};
		5FA04F5C2A63E0CA006E6FA6 /* Products */ = {
			isa = PBXGroup;
			children = (
				5FA04F5B2A63E0CA006E6FA6 /* Mepvengers.app */,
			);
			name = Products;
			sourceTree = "<group>";
		};
		5FA04F5D2A63E0CA006E6FA6 /* Mepvengers */ = {
			isa = PBXGroup;
			children = (
				5FAED9442A6765AD006E89FC /* Dummy */,
				5FA04F772A63E5D1006E6FA6 /* Extension */,
				5FA04F762A63E5C5006E6FA6 /* Util */,
				5FA04F742A63E426006E6FA6 /* Data Layer */,
				5FA04F752A63E432006E6FA6 /* Domain Layer */,
				5FA04F732A63E41D006E6FA6 /* View Layer */,
				5FA04F672A63E0CB006E6FA6 /* Assets.xcassets */,
				5FA04F692A63E0CB006E6FA6 /* LaunchScreen.storyboard */,
				5FA04F6C2A63E0CB006E6FA6 /* Info.plist */,
				5FA04F5E2A63E0CA006E6FA6 /* AppDelegate.swift */,
				5FA04F602A63E0CA006E6FA6 /* SceneDelegate.swift */,
			);
			path = Mepvengers;
			sourceTree = "<group>";
		};
		5FA04F732A63E41D006E6FA6 /* View Layer */ = {
			isa = PBXGroup;
			children = (
				5FE165502A652CE50016C79D /* Extension */,
				5FE1653A2A64EF420016C79D /* View */,
				5FE165202A64D6280016C79D /* Protocol */,
			);
			path = "View Layer";
			sourceTree = "<group>";
		};
		5FA04F742A63E426006E6FA6 /* Data Layer */ = {
			isa = PBXGroup;
			children = (
				5FC05C0D2A66C7A600B12A03 /* Enum */,
				5FC05C082A66C54D00B12A03 /* Presenter */,
				5FC05C072A66C54300B12A03 /* UseCase */,
				5FC05C062A66C51500B12A03 /* DataModel */,
			);
			path = "Data Layer";
			sourceTree = "<group>";
		};
		5FA04F752A63E432006E6FA6 /* Domain Layer */ = {
			isa = PBXGroup;
			children = (
			);
			path = "Domain Layer";
			sourceTree = "<group>";
		};
		5FA04F762A63E5C5006E6FA6 /* Util */ = {
			isa = PBXGroup;
			children = (
				5FE165352A64EEE80016C79D /* Extension */,
				5FE165532A6550B80016C79D /* Logger.swift */,
				5FED38072A6A547800CADAA3 /* Toast.swift */,
			);
			path = Util;
			sourceTree = "<group>";
		};
		5FA04F772A63E5D1006E6FA6 /* Extension */ = {
			isa = PBXGroup;
			children = (
			);
			path = Extension;
			sourceTree = "<group>";
		};
		5FAED9442A6765AD006E89FC /* Dummy */ = {
			isa = PBXGroup;
			children = (
				5FAED94F2A677A22006E89FC /* naver_api.geojson */,
				5FAED9502A677A90006E89FC /* naver_api_header_content.md */,
				5FAED9512A677B59006E89FC /* kakao_api.geojson */,
				5FAED9522A677B79006E89FC /* kakao_api_header_content.md */,
				5FAED9532A677BF7006E89FC /* kakao_sample_image_api.geojson */,
				5FAED96F2A67FC2E006E89FC /* GlobalDummy.swift */,
				5FED38092A6A9FC600CADAA3 /* kakao_movie_api.geojson */,
				5FED380A2A6A9FE800CADAA3 /* kakao_movie_header_content.md */,
				5FED380B2A6AC4F100CADAA3 /* google_video_api.geojson */,
			);
			path = Dummy;
			sourceTree = "<group>";
		};
		5FAED9562A67A241006E89FC /* CustomUI */ = {
			isa = PBXGroup;
			children = (
				5FAED9592A67A30E006E89FC /* MTabbarView.swift */,
				5FAED9572A67A2CB006E89FC /* MTableView.swift */,
				5FAED95D2A67A377006E89FC /* MTextField.swift */,
				5FAED95B2A67A347006E89FC /* MTagCollectionView.swift */,
				5FAED95F2A67A3A2006E89FC /* MTextLabel.swift */,
				5FAED9612A67A3CB006E89FC /* MMainCollectionView.swift */,
				5FAED9632A67A40B006E89FC /* MNavigationItem.swift */,
				5FAED96B2A67C39A006E89FC /* MButton.swift */,
			);
			path = CustomUI;
			sourceTree = "<group>";
		};
		5FAED9652A67A542006E89FC /* LikeView */ = {
			isa = PBXGroup;
			children = (
				5F8B1CF32A6E760C0023BA85 /* VideoLikeView */,
				5F8B1CEE2A6E75730023BA85 /* BlogLikeView */,
				5FAED9672A67A56C006E89FC /* LikeViewController.swift */,
				5FAED9692A67A59D006E89FC /* LikeSceneBuilder.swift */,
			);
			path = LikeView;
			sourceTree = "<group>";
		};
		5FAED9732A683480006E89FC /* Question */ = {
			isa = PBXGroup;
			children = (
				5FAED9742A6834AB006E89FC /* QuestionViewController.swift */,
				5FAED9762A6834C1006E89FC /* QuestionSceneBuilder.swift */,
			);
			path = Question;
			sourceTree = "<group>";
		};
		5FC05BFC2A66563B00B12A03 /* Review */ = {
			isa = PBXGroup;
			children = (
				5FC05BFD2A66565900B12A03 /* ReviewViewController.swift */,
				5FAED9542A67A1BC006E89FC /* ReviewSceneBuilder.swift */,
			);
			path = Review;
			sourceTree = "<group>";
		};
		5FC05C012A66B01400B12A03 /* CousinView */ = {
			isa = PBXGroup;
			children = (
				5FED380F2A6AD2E100CADAA3 /* VideoPlayerView */,
				5FC05C022A66B02B00B12A03 /* CousinViewController.swift */,
				5FC05C042A66C01A00B12A03 /* CousinSceneBuilder.swift */,
			);
			path = CousinView;
			sourceTree = "<group>";
		};
		5FC05C062A66C51500B12A03 /* DataModel */ = {
			isa = PBXGroup;
			children = (
			);
			path = DataModel;
			sourceTree = "<group>";
		};
		5FC05C072A66C54300B12A03 /* UseCase */ = {
			isa = PBXGroup;
			children = (
			);
			path = UseCase;
			sourceTree = "<group>";
		};
		5FC05C082A66C54D00B12A03 /* Presenter */ = {
			isa = PBXGroup;
			children = (
				5FC05C092A66C68300B12A03 /* HomeViewPresenter.swift */,
				5FC05C0B2A66C69100B12A03 /* CousinViewPresenter.swift */,
			);
			path = Presenter;
			sourceTree = "<group>";
		};
		5FC05C0D2A66C7A600B12A03 /* Enum */ = {
			isa = PBXGroup;
			children = (
			);
			path = Enum;
			sourceTree = "<group>";
		};
		5FE1651F2A64D5CF0016C79D /* Home */ = {
			isa = PBXGroup;
			children = (
				5FAED9732A683480006E89FC /* Question */,
				5FC05BFC2A66563B00B12A03 /* Review */,
				5FE1652F2A64E4CB0016C79D /* HomeSceneBuilder.swift */,
				5FE1652A2A64DCD00016C79D /* HomeViewController.swift */,
			);
			path = Home;
			sourceTree = "<group>";
		};
		5FE165202A64D6280016C79D /* Protocol */ = {
			isa = PBXGroup;
			children = (
				5FE165252A64D7D40016C79D /* ViewBuilderSpec.swift */,
			);
			path = Protocol;
			sourceTree = "<group>";
		};
		5FE165272A64D9220016C79D /* Enum */ = {
			isa = PBXGroup;
			children = (
				5FE165282A64D9360016C79D /* Theme.swift */,
			);
			path = Enum;
			sourceTree = "<group>";
		};
		5FE165352A64EEE80016C79D /* Extension */ = {
			isa = PBXGroup;
			children = (
			);
			path = Extension;
			sourceTree = "<group>";
		};
		5FE1653A2A64EF420016C79D /* View */ = {
			isa = PBXGroup;
			children = (
				5F1F9C4B2A696E5C00E3FB00 /* LoginView */,
				5FC05C012A66B01400B12A03 /* CousinView */,
				5FAED9652A67A542006E89FC /* LikeView */,
				5FE1651F2A64D5CF0016C79D /* Home */,
				5FAED9562A67A241006E89FC /* CustomUI */,
				5FE165272A64D9220016C79D /* Enum */,
				5FE1653B2A64EF710016C79D /* Base */,
			);
			path = View;
			sourceTree = "<group>";
		};
		5FE1653B2A64EF710016C79D /* Base */ = {
			isa = PBXGroup;
			children = (
				5FE1651D2A64D5C80016C79D /* BaseNavigationController.swift */,
				5FE1651B2A64D5B50016C79D /* BaseViewController.swift */,
			);
			path = Base;
			sourceTree = "<group>";
		};
		5FE165502A652CE50016C79D /* Extension */ = {
			isa = PBXGroup;
			children = (
				5FE165512A652CF40016C79D /* UIImage.swift */,
			);
			path = Extension;
			sourceTree = "<group>";
		};
		5FED380F2A6AD2E100CADAA3 /* VideoPlayerView */ = {
			isa = PBXGroup;
			children = (
				5FED38102A6AD30300CADAA3 /* VideoPlayerViewController.swift */,
				5FED38122A6AD31300CADAA3 /* VideoPlayerSceneBuilder.swift */,
			);
			path = VideoPlayerView;
			sourceTree = "<group>";
		};
		66970EC637CACC2DB5EB4CAB /* Pods */ = {
			isa = PBXGroup;
			children = (
				68A7AAEDA7EADAEC5FC6CFDA /* Pods-Mepvengers.debug.xcconfig */,
				9A42A90DA341D908A0BA45F7 /* Pods-Mepvengers.release.xcconfig */,
			);
			path = Pods;
			sourceTree = "<group>";
		};
		84885030F342CE71BCAA2536 /* Frameworks */ = {
			isa = PBXGroup;
			children = (
				32D5040AF080804EBA38775F /* Pods_Mepvengers.framework */,
			);
			name = Frameworks;
			sourceTree = "<group>";
		};
/* End PBXGroup section */

/* Begin PBXNativeTarget section */
		5FA04F5A2A63E0CA006E6FA6 /* Mepvengers */ = {
			isa = PBXNativeTarget;
			buildConfigurationList = 5FA04F6F2A63E0CB006E6FA6 /* Build configuration list for PBXNativeTarget "Mepvengers" */;
			buildPhases = (
				339375324C5D6D5AE5D5A327 /* [CP] Check Pods Manifest.lock */,
				5FA04F572A63E0CA006E6FA6 /* Sources */,
				5FA04F582A63E0CA006E6FA6 /* Frameworks */,
				5FA04F592A63E0CA006E6FA6 /* Resources */,
				2D03AC3FA35CAE38C7B23E11 /* [CP] Embed Pods Frameworks */,
			);
			buildRules = (
			);
			dependencies = (
			);
			name = Mepvengers;
			packageProductDependencies = (
				5F1F9C272A69336500E3FB00 /* SwiftSMTP */,
				5FED380D2A6ACF1A00CADAA3 /* YouTubeiOSPlayerHelper */,
				5F8B1CE42A6E38E70023BA85 /* Tabman */,
			);
			productName = Mepvengers;
			productReference = 5FA04F5B2A63E0CA006E6FA6 /* Mepvengers.app */;
			productType = "com.apple.product-type.application";
		};
/* End PBXNativeTarget section */

/* Begin PBXProject section */
		5FA04F532A63E0CA006E6FA6 /* Project object */ = {
			isa = PBXProject;
			attributes = {
				BuildIndependentTargetsInParallel = 1;
				LastSwiftUpdateCheck = 1430;
				LastUpgradeCheck = 1430;
				TargetAttributes = {
					5FA04F5A2A63E0CA006E6FA6 = {
						CreatedOnToolsVersion = 14.3.1;
					};
				};
			};
			buildConfigurationList = 5FA04F562A63E0CA006E6FA6 /* Build configuration list for PBXProject "Mepvengers" */;
			compatibilityVersion = "Xcode 14.0";
			developmentRegion = en;
			hasScannedForEncodings = 0;
			knownRegions = (
				en,
				Base,
			);
			mainGroup = 5FA04F522A63E0CA006E6FA6;
			packageReferences = (
				5F1F9C262A69336500E3FB00 /* XCRemoteSwiftPackageReference "Swift-SMTP" */,
				5FED380C2A6ACF1A00CADAA3 /* XCRemoteSwiftPackageReference "youtube-ios-player-helper" */,
				5F8B1CE32A6E38E70023BA85 /* XCRemoteSwiftPackageReference "Tabman" */,
			);
			productRefGroup = 5FA04F5C2A63E0CA006E6FA6 /* Products */;
			projectDirPath = "";
			projectRoot = "";
			targets = (
				5FA04F5A2A63E0CA006E6FA6 /* Mepvengers */,
			);
		};
/* End PBXProject section */

/* Begin PBXResourcesBuildPhase section */
		5FA04F592A63E0CA006E6FA6 /* Resources */ = {
			isa = PBXResourcesBuildPhase;
			buildActionMask = 2147483647;
			files = (
				5FA04F6B2A63E0CB006E6FA6 /* LaunchScreen.storyboard in Resources */,
				5FA04F682A63E0CB006E6FA6 /* Assets.xcassets in Resources */,
			);
			runOnlyForDeploymentPostprocessing = 0;
		};
/* End PBXResourcesBuildPhase section */

/* Begin PBXShellScriptBuildPhase section */
		2D03AC3FA35CAE38C7B23E11 /* [CP] Embed Pods Frameworks */ = {
			isa = PBXShellScriptBuildPhase;
			buildActionMask = 2147483647;
			files = (
			);
			inputFileListPaths = (
				"${PODS_ROOT}/Target Support Files/Pods-Mepvengers/Pods-Mepvengers-frameworks-${CONFIGURATION}-input-files.xcfilelist",
			);
			name = "[CP] Embed Pods Frameworks";
			outputFileListPaths = (
				"${PODS_ROOT}/Target Support Files/Pods-Mepvengers/Pods-Mepvengers-frameworks-${CONFIGURATION}-output-files.xcfilelist",
			);
			runOnlyForDeploymentPostprocessing = 0;
			shellPath = /bin/sh;
			shellScript = "\"${PODS_ROOT}/Target Support Files/Pods-Mepvengers/Pods-Mepvengers-frameworks.sh\"\n";
			showEnvVarsInLog = 0;
		};
		339375324C5D6D5AE5D5A327 /* [CP] Check Pods Manifest.lock */ = {
			isa = PBXShellScriptBuildPhase;
			buildActionMask = 2147483647;
			files = (
			);
			inputFileListPaths = (
			);
			inputPaths = (
				"${PODS_PODFILE_DIR_PATH}/Podfile.lock",
				"${PODS_ROOT}/Manifest.lock",
			);
			name = "[CP] Check Pods Manifest.lock";
			outputFileListPaths = (
			);
			outputPaths = (
				"$(DERIVED_FILE_DIR)/Pods-Mepvengers-checkManifestLockResult.txt",
			);
			runOnlyForDeploymentPostprocessing = 0;
			shellPath = /bin/sh;
			shellScript = "diff \"${PODS_PODFILE_DIR_PATH}/Podfile.lock\" \"${PODS_ROOT}/Manifest.lock\" > /dev/null\nif [ $? != 0 ] ; then\n    # print error to STDERR\n    echo \"error: The sandbox is not in sync with the Podfile.lock. Run 'pod install' or update your CocoaPods installation.\" >&2\n    exit 1\nfi\n# This output is used by Xcode 'outputs' to avoid re-running this script phase.\necho \"SUCCESS\" > \"${SCRIPT_OUTPUT_FILE_0}\"\n";
			showEnvVarsInLog = 0;
		};
/* End PBXShellScriptBuildPhase section */

/* Begin PBXSourcesBuildPhase section */
		5FA04F572A63E0CA006E6FA6 /* Sources */ = {
			isa = PBXSourcesBuildPhase;
			buildActionMask = 2147483647;
			files = (
				5FAED9702A67FC2E006E89FC /* GlobalDummy.swift in Sources */,
				5FE1651C2A64D5B50016C79D /* BaseViewController.swift in Sources */,
				5F8B1CF22A6E75BF0023BA85 /* BlogSceneBuilder.swift in Sources */,
				5FAED9752A6834AB006E89FC /* QuestionViewController.swift in Sources */,
				5F8B1CF52A6E76270023BA85 /* VideoLikeViewSpec.swift in Sources */,
				5FA04F5F2A63E0CA006E6FA6 /* AppDelegate.swift in Sources */,
				5FAED9582A67A2CB006E89FC /* MTableView.swift in Sources */,
				5FC05BFE2A66565900B12A03 /* ReviewViewController.swift in Sources */,
				5FAED9602A67A3A2006E89FC /* MTextLabel.swift in Sources */,
				5FAED9642A67A40B006E89FC /* MNavigationItem.swift in Sources */,
				5FC05C0A2A66C68300B12A03 /* HomeViewPresenter.swift in Sources */,
				5FAED95E2A67A377006E89FC /* MTextField.swift in Sources */,
				5FAED95C2A67A347006E89FC /* MTagCollectionView.swift in Sources */,
				5FED38132A6AD31300CADAA3 /* VideoPlayerSceneBuilder.swift in Sources */,
				5FAED9552A67A1BC006E89FC /* ReviewSceneBuilder.swift in Sources */,
				5FC05C052A66C01A00B12A03 /* CousinSceneBuilder.swift in Sources */,
				5F8B1CF72A6E76350023BA85 /* VideoLikeViewController.swift in Sources */,
				5FAED9772A6834C1006E89FC /* QuestionSceneBuilder.swift in Sources */,
				5FAED96C2A67C39A006E89FC /* MButton.swift in Sources */,
				5FE1652B2A64DCD00016C79D /* HomeViewController.swift in Sources */,
				5F29126F2A6F62E8000A8FCE /* BlogLikeViewController.swift in Sources */,
				5FC05C032A66B02B00B12A03 /* CousinViewController.swift in Sources */,
				5FED38082A6A547800CADAA3 /* Toast.swift in Sources */,
				5FED38112A6AD30300CADAA3 /* VideoPlayerViewController.swift in Sources */,
				5FE1651E2A64D5C80016C79D /* BaseNavigationController.swift in Sources */,
				5F1F9C4D2A696E8A00E3FB00 /* LoginViewController.swift in Sources */,
				5FA04F612A63E0CA006E6FA6 /* SceneDelegate.swift in Sources */,
				5FE165262A64D7D40016C79D /* ViewBuilderSpec.swift in Sources */,
				5FAED95A2A67A30E006E89FC /* MTabbarView.swift in Sources */,
				5FE165292A64D9360016C79D /* Theme.swift in Sources */,
				5FAED9622A67A3CB006E89FC /* MMainCollectionView.swift in Sources */,
				5FC05C0C2A66C69100B12A03 /* CousinViewPresenter.swift in Sources */,
				5FE165302A64E4CB0016C79D /* HomeSceneBuilder.swift in Sources */,
				5FE165542A6550B80016C79D /* Logger.swift in Sources */,
				5F1F9C4F2A696EA600E3FB00 /* LoginSceneBuilder.swift in Sources */,
				5FE165522A652CF40016C79D /* UIImage.swift in Sources */,
				5FAED96A2A67A59D006E89FC /* LikeSceneBuilder.swift in Sources */,
				5FAED9682A67A56C006E89FC /* LikeViewController.swift in Sources */,
			);
			runOnlyForDeploymentPostprocessing = 0;
		};
/* End PBXSourcesBuildPhase section */

/* Begin PBXVariantGroup section */
		5FA04F692A63E0CB006E6FA6 /* LaunchScreen.storyboard */ = {
			isa = PBXVariantGroup;
			children = (
				5FA04F6A2A63E0CB006E6FA6 /* Base */,
			);
			name = LaunchScreen.storyboard;
			sourceTree = "<group>";
		};
/* End PBXVariantGroup section */

/* Begin XCBuildConfiguration section */
		5FA04F6D2A63E0CB006E6FA6 /* Debug */ = {
			isa = XCBuildConfiguration;
			buildSettings = {
				ALWAYS_SEARCH_USER_PATHS = NO;
				CLANG_ANALYZER_NONNULL = YES;
				CLANG_ANALYZER_NUMBER_OBJECT_CONVERSION = YES_AGGRESSIVE;
				CLANG_CXX_LANGUAGE_STANDARD = "gnu++20";
				CLANG_ENABLE_MODULES = YES;
				CLANG_ENABLE_OBJC_ARC = YES;
				CLANG_ENABLE_OBJC_WEAK = YES;
				CLANG_WARN_BLOCK_CAPTURE_AUTORELEASING = YES;
				CLANG_WARN_BOOL_CONVERSION = YES;
				CLANG_WARN_COMMA = YES;
				CLANG_WARN_CONSTANT_CONVERSION = YES;
				CLANG_WARN_DEPRECATED_OBJC_IMPLEMENTATIONS = YES;
				CLANG_WARN_DIRECT_OBJC_ISA_USAGE = YES_ERROR;
				CLANG_WARN_DOCUMENTATION_COMMENTS = YES;
				CLANG_WARN_EMPTY_BODY = YES;
				CLANG_WARN_ENUM_CONVERSION = YES;
				CLANG_WARN_INFINITE_RECURSION = YES;
				CLANG_WARN_INT_CONVERSION = YES;
				CLANG_WARN_NON_LITERAL_NULL_CONVERSION = YES;
				CLANG_WARN_OBJC_IMPLICIT_RETAIN_SELF = YES;
				CLANG_WARN_OBJC_LITERAL_CONVERSION = YES;
				CLANG_WARN_OBJC_ROOT_CLASS = YES_ERROR;
				CLANG_WARN_QUOTED_INCLUDE_IN_FRAMEWORK_HEADER = YES;
				CLANG_WARN_RANGE_LOOP_ANALYSIS = YES;
				CLANG_WARN_STRICT_PROTOTYPES = YES;
				CLANG_WARN_SUSPICIOUS_MOVE = YES;
				CLANG_WARN_UNGUARDED_AVAILABILITY = YES_AGGRESSIVE;
				CLANG_WARN_UNREACHABLE_CODE = YES;
				CLANG_WARN__DUPLICATE_METHOD_MATCH = YES;
				COPY_PHASE_STRIP = NO;
				DEBUG_INFORMATION_FORMAT = dwarf;
				ENABLE_STRICT_OBJC_MSGSEND = YES;
				ENABLE_TESTABILITY = YES;
				GCC_C_LANGUAGE_STANDARD = gnu11;
				GCC_DYNAMIC_NO_PIC = NO;
				GCC_NO_COMMON_BLOCKS = YES;
				GCC_OPTIMIZATION_LEVEL = 0;
				GCC_PREPROCESSOR_DEFINITIONS = (
					"DEBUG=1",
					"$(inherited)",
				);
				GCC_WARN_64_TO_32_BIT_CONVERSION = YES;
				GCC_WARN_ABOUT_RETURN_TYPE = YES_ERROR;
				GCC_WARN_UNDECLARED_SELECTOR = YES;
				GCC_WARN_UNINITIALIZED_AUTOS = YES_AGGRESSIVE;
				GCC_WARN_UNUSED_FUNCTION = YES;
				GCC_WARN_UNUSED_VARIABLE = YES;
				IPHONEOS_DEPLOYMENT_TARGET = 16.4;
				MTL_ENABLE_DEBUG_INFO = INCLUDE_SOURCE;
				MTL_FAST_MATH = YES;
				ONLY_ACTIVE_ARCH = YES;
				SDKROOT = iphoneos;
				SWIFT_ACTIVE_COMPILATION_CONDITIONS = DEBUG;
				SWIFT_OPTIMIZATION_LEVEL = "-Onone";
			};
			name = Debug;
		};
		5FA04F6E2A63E0CB006E6FA6 /* Release */ = {
			isa = XCBuildConfiguration;
			buildSettings = {
				ALWAYS_SEARCH_USER_PATHS = NO;
				CLANG_ANALYZER_NONNULL = YES;
				CLANG_ANALYZER_NUMBER_OBJECT_CONVERSION = YES_AGGRESSIVE;
				CLANG_CXX_LANGUAGE_STANDARD = "gnu++20";
				CLANG_ENABLE_MODULES = YES;
				CLANG_ENABLE_OBJC_ARC = YES;
				CLANG_ENABLE_OBJC_WEAK = YES;
				CLANG_WARN_BLOCK_CAPTURE_AUTORELEASING = YES;
				CLANG_WARN_BOOL_CONVERSION = YES;
				CLANG_WARN_COMMA = YES;
				CLANG_WARN_CONSTANT_CONVERSION = YES;
				CLANG_WARN_DEPRECATED_OBJC_IMPLEMENTATIONS = YES;
				CLANG_WARN_DIRECT_OBJC_ISA_USAGE = YES_ERROR;
				CLANG_WARN_DOCUMENTATION_COMMENTS = YES;
				CLANG_WARN_EMPTY_BODY = YES;
				CLANG_WARN_ENUM_CONVERSION = YES;
				CLANG_WARN_INFINITE_RECURSION = YES;
				CLANG_WARN_INT_CONVERSION = YES;
				CLANG_WARN_NON_LITERAL_NULL_CONVERSION = YES;
				CLANG_WARN_OBJC_IMPLICIT_RETAIN_SELF = YES;
				CLANG_WARN_OBJC_LITERAL_CONVERSION = YES;
				CLANG_WARN_OBJC_ROOT_CLASS = YES_ERROR;
				CLANG_WARN_QUOTED_INCLUDE_IN_FRAMEWORK_HEADER = YES;
				CLANG_WARN_RANGE_LOOP_ANALYSIS = YES;
				CLANG_WARN_STRICT_PROTOTYPES = YES;
				CLANG_WARN_SUSPICIOUS_MOVE = YES;
				CLANG_WARN_UNGUARDED_AVAILABILITY = YES_AGGRESSIVE;
				CLANG_WARN_UNREACHABLE_CODE = YES;
				CLANG_WARN__DUPLICATE_METHOD_MATCH = YES;
				COPY_PHASE_STRIP = NO;
				DEBUG_INFORMATION_FORMAT = "dwarf-with-dsym";
				ENABLE_NS_ASSERTIONS = NO;
				ENABLE_STRICT_OBJC_MSGSEND = YES;
				GCC_C_LANGUAGE_STANDARD = gnu11;
				GCC_NO_COMMON_BLOCKS = YES;
				GCC_WARN_64_TO_32_BIT_CONVERSION = YES;
				GCC_WARN_ABOUT_RETURN_TYPE = YES_ERROR;
				GCC_WARN_UNDECLARED_SELECTOR = YES;
				GCC_WARN_UNINITIALIZED_AUTOS = YES_AGGRESSIVE;
				GCC_WARN_UNUSED_FUNCTION = YES;
				GCC_WARN_UNUSED_VARIABLE = YES;
				IPHONEOS_DEPLOYMENT_TARGET = 16.4;
				MTL_ENABLE_DEBUG_INFO = NO;
				MTL_FAST_MATH = YES;
				SDKROOT = iphoneos;
				SWIFT_COMPILATION_MODE = wholemodule;
				SWIFT_OPTIMIZATION_LEVEL = "-O";
				VALIDATE_PRODUCT = YES;
			};
			name = Release;
		};
		5FA04F702A63E0CB006E6FA6 /* Debug */ = {
			isa = XCBuildConfiguration;
			baseConfigurationReference = 68A7AAEDA7EADAEC5FC6CFDA /* Pods-Mepvengers.debug.xcconfig */;
			buildSettings = {
				ASSETCATALOG_COMPILER_APPICON_NAME = AppIcon;
				ASSETCATALOG_COMPILER_GLOBAL_ACCENT_COLOR_NAME = AccentColor;
				CODE_SIGN_STYLE = Automatic;
				CURRENT_PROJECT_VERSION = 1;
				GENERATE_INFOPLIST_FILE = YES;
				INFOPLIST_FILE = Mepvengers/Info.plist;
				INFOPLIST_KEY_UIApplicationSupportsIndirectInputEvents = YES;
				INFOPLIST_KEY_UILaunchStoryboardName = LaunchScreen;
				INFOPLIST_KEY_UIMainStoryboardFile = "";
				INFOPLIST_KEY_UISupportedInterfaceOrientations_iPad = "UIInterfaceOrientationPortrait UIInterfaceOrientationPortraitUpsideDown UIInterfaceOrientationLandscapeLeft UIInterfaceOrientationLandscapeRight";
				INFOPLIST_KEY_UISupportedInterfaceOrientations_iPhone = "UIInterfaceOrientationPortrait UIInterfaceOrientationLandscapeLeft UIInterfaceOrientationLandscapeRight";
				LD_RUNPATH_SEARCH_PATHS = (
					"$(inherited)",
					"@executable_path/Frameworks",
				);
				MARKETING_VERSION = 1.0;
				PRODUCT_BUNDLE_IDENTIFIER = "------.Mepvengers";
				PRODUCT_NAME = "$(TARGET_NAME)";
				SWIFT_EMIT_LOC_STRINGS = YES;
				SWIFT_VERSION = 5.0;
				TARGETED_DEVICE_FAMILY = "1,2";
			};
			name = Debug;
		};
		5FA04F712A63E0CB006E6FA6 /* Release */ = {
			isa = XCBuildConfiguration;
			baseConfigurationReference = 9A42A90DA341D908A0BA45F7 /* Pods-Mepvengers.release.xcconfig */;
			buildSettings = {
				ASSETCATALOG_COMPILER_APPICON_NAME = AppIcon;
				ASSETCATALOG_COMPILER_GLOBAL_ACCENT_COLOR_NAME = AccentColor;
				CODE_SIGN_STYLE = Automatic;
				CURRENT_PROJECT_VERSION = 1;
				GENERATE_INFOPLIST_FILE = YES;
				INFOPLIST_FILE = Mepvengers/Info.plist;
				INFOPLIST_KEY_UIApplicationSupportsIndirectInputEvents = YES;
				INFOPLIST_KEY_UILaunchStoryboardName = LaunchScreen;
				INFOPLIST_KEY_UIMainStoryboardFile = "";
				INFOPLIST_KEY_UISupportedInterfaceOrientations_iPad = "UIInterfaceOrientationPortrait UIInterfaceOrientationPortraitUpsideDown UIInterfaceOrientationLandscapeLeft UIInterfaceOrientationLandscapeRight";
				INFOPLIST_KEY_UISupportedInterfaceOrientations_iPhone = "UIInterfaceOrientationPortrait UIInterfaceOrientationLandscapeLeft UIInterfaceOrientationLandscapeRight";
				LD_RUNPATH_SEARCH_PATHS = (
					"$(inherited)",
					"@executable_path/Frameworks",
				);
				MARKETING_VERSION = 1.0;
				PRODUCT_BUNDLE_IDENTIFIER = "------.Mepvengers";
				PRODUCT_NAME = "$(TARGET_NAME)";
				SWIFT_EMIT_LOC_STRINGS = YES;
				SWIFT_VERSION = 5.0;
				TARGETED_DEVICE_FAMILY = "1,2";
			};
			name = Release;
		};
/* End XCBuildConfiguration section */

/* Begin XCConfigurationList section */
		5FA04F562A63E0CA006E6FA6 /* Build configuration list for PBXProject "Mepvengers" */ = {
			isa = XCConfigurationList;
			buildConfigurations = (
				5FA04F6D2A63E0CB006E6FA6 /* Debug */,
				5FA04F6E2A63E0CB006E6FA6 /* Release */,
			);
			defaultConfigurationIsVisible = 0;
			defaultConfigurationName = Release;
		};
		5FA04F6F2A63E0CB006E6FA6 /* Build configuration list for PBXNativeTarget "Mepvengers" */ = {
			isa = XCConfigurationList;
			buildConfigurations = (
				5FA04F702A63E0CB006E6FA6 /* Debug */,
				5FA04F712A63E0CB006E6FA6 /* Release */,
			);
			defaultConfigurationIsVisible = 0;
			defaultConfigurationName = Release;
		};
/* End XCConfigurationList section */

/* Begin XCRemoteSwiftPackageReference section */
		5F1F9C262A69336500E3FB00 /* XCRemoteSwiftPackageReference "Swift-SMTP" */ = {
			isa = XCRemoteSwiftPackageReference;
			repositoryURL = "https://github.com/Kitura/Swift-SMTP";
			requirement = {
				kind = upToNextMajorVersion;
				minimumVersion = 6.0.0;
			};
		};
		5F8B1CE32A6E38E70023BA85 /* XCRemoteSwiftPackageReference "Tabman" */ = {
			isa = XCRemoteSwiftPackageReference;
			repositoryURL = "https://github.com/uias/Tabman.git";
			requirement = {
				kind = upToNextMajorVersion;
				minimumVersion = 3.0.0;
			};
		};
		5FED380C2A6ACF1A00CADAA3 /* XCRemoteSwiftPackageReference "youtube-ios-player-helper" */ = {
			isa = XCRemoteSwiftPackageReference;
			repositoryURL = "https://github.com/youtube/youtube-ios-player-helper.git";
			requirement = {
				kind = upToNextMajorVersion;
				minimumVersion = 1.0.0;
			};
		};
/* End XCRemoteSwiftPackageReference section */

/* Begin XCSwiftPackageProductDependency section */
		5F1F9C272A69336500E3FB00 /* SwiftSMTP */ = {
			isa = XCSwiftPackageProductDependency;
			package = 5F1F9C262A69336500E3FB00 /* XCRemoteSwiftPackageReference "Swift-SMTP" */;
			productName = SwiftSMTP;
		};
		5F8B1CE42A6E38E70023BA85 /* Tabman */ = {
			isa = XCSwiftPackageProductDependency;
			package = 5F8B1CE32A6E38E70023BA85 /* XCRemoteSwiftPackageReference "Tabman" */;
			productName = Tabman;
		};
		5FED380D2A6ACF1A00CADAA3 /* YouTubeiOSPlayerHelper */ = {
			isa = XCSwiftPackageProductDependency;
			package = 5FED380C2A6ACF1A00CADAA3 /* XCRemoteSwiftPackageReference "youtube-ios-player-helper" */;
			productName = YouTubeiOSPlayerHelper;
		};
/* End XCSwiftPackageProductDependency section */
	};
	rootObject = 5FA04F532A63E0CA006E6FA6 /* Project object */;
}
