// !$*UTF8*$!
{
	archiveVersion = 1;
	classes = {
	};
	objectVersion = 56;
	objects = {

/* Begin PBXBuildFile section */
		5FA04F5F2A63E0CA006E6FA6 /* AppDelegate.swift in Sources */ = {isa = PBXBuildFile; fileRef = 5FA04F5E2A63E0CA006E6FA6 /* AppDelegate.swift */; };
		5FA04F612A63E0CA006E6FA6 /* SceneDelegate.swift in Sources */ = {isa = PBXBuildFile; fileRef = 5FA04F602A63E0CA006E6FA6 /* SceneDelegate.swift */; };
		5FA04F682A63E0CB006E6FA6 /* Assets.xcassets in Resources */ = {isa = PBXBuildFile; fileRef = 5FA04F672A63E0CB006E6FA6 /* Assets.xcassets */; };
		5FA04F6B2A63E0CB006E6FA6 /* LaunchScreen.storyboard in Resources */ = {isa = PBXBuildFile; fileRef = 5FA04F692A63E0CB006E6FA6 /* LaunchScreen.storyboard */; };
		5FE1651C2A64D5B50016C79D /* BaseViewController.swift in Sources */ = {isa = PBXBuildFile; fileRef = 5FE1651B2A64D5B50016C79D /* BaseViewController.swift */; };
		5FE1651E2A64D5C80016C79D /* BaseNavigationController.swift in Sources */ = {isa = PBXBuildFile; fileRef = 5FE1651D2A64D5C80016C79D /* BaseNavigationController.swift */; };
		5FE165262A64D7D40016C79D /* ViewBuilderSpec.swift in Sources */ = {isa = PBXBuildFile; fileRef = 5FE165252A64D7D40016C79D /* ViewBuilderSpec.swift */; };
		5FE165292A64D9360016C79D /* Theme.swift in Sources */ = {isa = PBXBuildFile; fileRef = 5FE165282A64D9360016C79D /* Theme.swift */; };
		5FE1652B2A64DCD00016C79D /* HomeViewController.swift in Sources */ = {isa = PBXBuildFile; fileRef = 5FE1652A2A64DCD00016C79D /* HomeViewController.swift */; };
		5FE165302A64E4CB0016C79D /* HomeSceneBuilder.swift in Sources */ = {isa = PBXBuildFile; fileRef = 5FE1652F2A64E4CB0016C79D /* HomeSceneBuilder.swift */; };
		5FE165492A64F5360016C79D /* HomeTableView.swift in Sources */ = {isa = PBXBuildFile; fileRef = 5FE165482A64F5360016C79D /* HomeTableView.swift */; };
		5FE1654B2A64F5B20016C79D /* HomeTabBarView.swift in Sources */ = {isa = PBXBuildFile; fileRef = 5FE1654A2A64F5B20016C79D /* HomeTabBarView.swift */; };
		5FE1654D2A64F5C90016C79D /* HomeCollectionView.swift in Sources */ = {isa = PBXBuildFile; fileRef = 5FE1654C2A64F5C90016C79D /* HomeCollectionView.swift */; };
		5FE1654F2A6501ED0016C79D /* HomeBarButton.swift in Sources */ = {isa = PBXBuildFile; fileRef = 5FE1654E2A6501ED0016C79D /* HomeBarButton.swift */; };
		5FE165522A652CF40016C79D /* UIImage.swift in Sources */ = {isa = PBXBuildFile; fileRef = 5FE165512A652CF40016C79D /* UIImage.swift */; };
		5FE165542A6550B80016C79D /* Logger.swift in Sources */ = {isa = PBXBuildFile; fileRef = 5FE165532A6550B80016C79D /* Logger.swift */; };
		613D62B17153445333001232 /* Pods_Mepvengers.framework in Frameworks */ = {isa = PBXBuildFile; fileRef = 32D5040AF080804EBA38775F /* Pods_Mepvengers.framework */; };
/* End PBXBuildFile section */

/* Begin PBXFileReference section */
		32D5040AF080804EBA38775F /* Pods_Mepvengers.framework */ = {isa = PBXFileReference; explicitFileType = wrapper.framework; includeInIndex = 0; path = Pods_Mepvengers.framework; sourceTree = BUILT_PRODUCTS_DIR; };
		5FA04F5B2A63E0CA006E6FA6 /* Mepvengers.app */ = {isa = PBXFileReference; explicitFileType = wrapper.application; includeInIndex = 0; path = Mepvengers.app; sourceTree = BUILT_PRODUCTS_DIR; };
		5FA04F5E2A63E0CA006E6FA6 /* AppDelegate.swift */ = {isa = PBXFileReference; lastKnownFileType = sourcecode.swift; path = AppDelegate.swift; sourceTree = "<group>"; };
		5FA04F602A63E0CA006E6FA6 /* SceneDelegate.swift */ = {isa = PBXFileReference; lastKnownFileType = sourcecode.swift; path = SceneDelegate.swift; sourceTree = "<group>"; };
		5FA04F672A63E0CB006E6FA6 /* Assets.xcassets */ = {isa = PBXFileReference; lastKnownFileType = folder.assetcatalog; path = Assets.xcassets; sourceTree = "<group>"; };
		5FA04F6A2A63E0CB006E6FA6 /* Base */ = {isa = PBXFileReference; lastKnownFileType = file.storyboard; name = Base; path = Base.lproj/LaunchScreen.storyboard; sourceTree = "<group>"; };
		5FA04F6C2A63E0CB006E6FA6 /* Info.plist */ = {isa = PBXFileReference; lastKnownFileType = text.plist.xml; path = Info.plist; sourceTree = "<group>"; };
		5FE1651B2A64D5B50016C79D /* BaseViewController.swift */ = {isa = PBXFileReference; lastKnownFileType = sourcecode.swift; path = BaseViewController.swift; sourceTree = "<group>"; };
		5FE1651D2A64D5C80016C79D /* BaseNavigationController.swift */ = {isa = PBXFileReference; lastKnownFileType = sourcecode.swift; path = BaseNavigationController.swift; sourceTree = "<group>"; };
		5FE165252A64D7D40016C79D /* ViewBuilderSpec.swift */ = {isa = PBXFileReference; lastKnownFileType = sourcecode.swift; path = ViewBuilderSpec.swift; sourceTree = "<group>"; };
		5FE165282A64D9360016C79D /* Theme.swift */ = {isa = PBXFileReference; lastKnownFileType = sourcecode.swift; path = Theme.swift; sourceTree = "<group>"; };
		5FE1652A2A64DCD00016C79D /* HomeViewController.swift */ = {isa = PBXFileReference; lastKnownFileType = sourcecode.swift; path = HomeViewController.swift; sourceTree = "<group>"; };
		5FE1652F2A64E4CB0016C79D /* HomeSceneBuilder.swift */ = {isa = PBXFileReference; lastKnownFileType = sourcecode.swift; path = HomeSceneBuilder.swift; sourceTree = "<group>"; };
		5FE165482A64F5360016C79D /* HomeTableView.swift */ = {isa = PBXFileReference; lastKnownFileType = sourcecode.swift; path = HomeTableView.swift; sourceTree = "<group>"; };
		5FE1654A2A64F5B20016C79D /* HomeTabBarView.swift */ = {isa = PBXFileReference; lastKnownFileType = sourcecode.swift; path = HomeTabBarView.swift; sourceTree = "<group>"; };
		5FE1654C2A64F5C90016C79D /* HomeCollectionView.swift */ = {isa = PBXFileReference; lastKnownFileType = sourcecode.swift; path = HomeCollectionView.swift; sourceTree = "<group>"; };
		5FE1654E2A6501ED0016C79D /* HomeBarButton.swift */ = {isa = PBXFileReference; lastKnownFileType = sourcecode.swift; path = HomeBarButton.swift; sourceTree = "<group>"; };
		5FE165512A652CF40016C79D /* UIImage.swift */ = {isa = PBXFileReference; lastKnownFileType = sourcecode.swift; path = UIImage.swift; sourceTree = "<group>"; };
		5FE165532A6550B80016C79D /* Logger.swift */ = {isa = PBXFileReference; lastKnownFileType = sourcecode.swift; path = Logger.swift; sourceTree = "<group>"; };
		68A7AAEDA7EADAEC5FC6CFDA /* Pods-Mepvengers.debug.xcconfig */ = {isa = PBXFileReference; includeInIndex = 1; lastKnownFileType = text.xcconfig; name = "Pods-Mepvengers.debug.xcconfig"; path = "Target Support Files/Pods-Mepvengers/Pods-Mepvengers.debug.xcconfig"; sourceTree = "<group>"; };
		9A42A90DA341D908A0BA45F7 /* Pods-Mepvengers.release.xcconfig */ = {isa = PBXFileReference; includeInIndex = 1; lastKnownFileType = text.xcconfig; name = "Pods-Mepvengers.release.xcconfig"; path = "Target Support Files/Pods-Mepvengers/Pods-Mepvengers.release.xcconfig"; sourceTree = "<group>"; };
/* End PBXFileReference section */

/* Begin PBXFrameworksBuildPhase section */
		5FA04F582A63E0CA006E6FA6 /* Frameworks */ = {
			isa = PBXFrameworksBuildPhase;
			buildActionMask = 2147483647;
			files = (
				613D62B17153445333001232 /* Pods_Mepvengers.framework in Frameworks */,
			);
			runOnlyForDeploymentPostprocessing = 0;
		};
/* End PBXFrameworksBuildPhase section */

/* Begin PBXGroup section */
		5FA04F522A63E0CA006E6FA6 = {
			isa = PBXGroup;
			children = (
				5FA04F5D2A63E0CA006E6FA6 /* Mepvengers */,
				5FA04F5C2A63E0CA006E6FA6 /* Products */,
				66970EC637CACC2DB5EB4CAB /* Pods */,
				84885030F342CE71BCAA2536 /* Frameworks */,
			);
			sourceTree = "<group>";
		};
		5FA04F5C2A63E0CA006E6FA6 /* Products */ = {
			isa = PBXGroup;
			children = (
				5FA04F5B2A63E0CA006E6FA6 /* Mepvengers.app */,
			);
			name = Products;
			sourceTree = "<group>";
		};
		5FA04F5D2A63E0CA006E6FA6 /* Mepvengers */ = {
			isa = PBXGroup;
			children = (
				5FA04F772A63E5D1006E6FA6 /* Extension */,
				5FA04F762A63E5C5006E6FA6 /* Util */,
				5FA04F752A63E432006E6FA6 /* Domain Layer */,
				5FA04F742A63E426006E6FA6 /* Data Layer */,
				5FA04F732A63E41D006E6FA6 /* View Layer */,
				5FA04F672A63E0CB006E6FA6 /* Assets.xcassets */,
				5FA04F692A63E0CB006E6FA6 /* LaunchScreen.storyboard */,
				5FA04F6C2A63E0CB006E6FA6 /* Info.plist */,
				5FA04F5E2A63E0CA006E6FA6 /* AppDelegate.swift */,
				5FA04F602A63E0CA006E6FA6 /* SceneDelegate.swift */,
			);
			path = Mepvengers;
			sourceTree = "<group>";
		};
		5FA04F732A63E41D006E6FA6 /* View Layer */ = {
			isa = PBXGroup;
			children = (
				5FE165502A652CE50016C79D /* Extension */,
				5FE1653A2A64EF420016C79D /* View */,
				5FE165272A64D9220016C79D /* Enum */,
				5FE165202A64D6280016C79D /* Protocol */,
			);
			path = "View Layer";
			sourceTree = "<group>";
		};
		5FA04F742A63E426006E6FA6 /* Data Layer */ = {
			isa = PBXGroup;
			children = (
			);
			path = "Data Layer";
			sourceTree = "<group>";
		};
		5FA04F752A63E432006E6FA6 /* Domain Layer */ = {
			isa = PBXGroup;
			children = (
			);
			path = "Domain Layer";
			sourceTree = "<group>";
		};
		5FA04F762A63E5C5006E6FA6 /* Util */ = {
			isa = PBXGroup;
			children = (
				5FE165352A64EEE80016C79D /* Extension */,
				5FE165532A6550B80016C79D /* Logger.swift */,
			);
			path = Util;
			sourceTree = "<group>";
		};
		5FA04F772A63E5D1006E6FA6 /* Extension */ = {
			isa = PBXGroup;
			children = (
			);
			path = Extension;
			sourceTree = "<group>";
		};
		5FE1651F2A64D5CF0016C79D /* Home */ = {
			isa = PBXGroup;
			children = (
				5FE1652A2A64DCD00016C79D /* HomeViewController.swift */,
				5FE165482A64F5360016C79D /* HomeTableView.swift */,
				5FE1654A2A64F5B20016C79D /* HomeTabBarView.swift */,
				5FE1654C2A64F5C90016C79D /* HomeCollectionView.swift */,
				5FE1654E2A6501ED0016C79D /* HomeBarButton.swift */,
			);
			path = Home;
			sourceTree = "<group>";
		};
		5FE165202A64D6280016C79D /* Protocol */ = {
			isa = PBXGroup;
			children = (
				5FE165252A64D7D40016C79D /* ViewBuilderSpec.swift */,
			);
			path = Protocol;
			sourceTree = "<group>";
		};
		5FE165272A64D9220016C79D /* Enum */ = {
			isa = PBXGroup;
			children = (
				5FE165282A64D9360016C79D /* Theme.swift */,
			);
			path = Enum;
			sourceTree = "<group>";
		};
		5FE165352A64EEE80016C79D /* Extension */ = {
			isa = PBXGroup;
			children = (
			);
			path = Extension;
			sourceTree = "<group>";
		};
		5FE1653A2A64EF420016C79D /* View */ = {
			isa = PBXGroup;
			children = (
				5FE1652F2A64E4CB0016C79D /* HomeSceneBuilder.swift */,
				5FE1653B2A64EF710016C79D /* Base */,
				5FE1651F2A64D5CF0016C79D /* Home */,
			);
			path = View;
			sourceTree = "<group>";
		};
		5FE1653B2A64EF710016C79D /* Base */ = {
			isa = PBXGroup;
			children = (
				5FE1651D2A64D5C80016C79D /* BaseNavigationController.swift */,
				5FE1651B2A64D5B50016C79D /* BaseViewController.swift */,
			);
			path = Base;
			sourceTree = "<group>";
		};
		5FE165502A652CE50016C79D /* Extension */ = {
			isa = PBXGroup;
			children = (
				5FE165512A652CF40016C79D /* UIImage.swift */,
			);
			path = Extension;
			sourceTree = "<group>";
		};
		66970EC637CACC2DB5EB4CAB /* Pods */ = {
			isa = PBXGroup;
			children = (
				68A7AAEDA7EADAEC5FC6CFDA /* Pods-Mepvengers.debug.xcconfig */,
				9A42A90DA341D908A0BA45F7 /* Pods-Mepvengers.release.xcconfig */,
			);
			path = Pods;
			sourceTree = "<group>";
		};
		84885030F342CE71BCAA2536 /* Frameworks */ = {
			isa = PBXGroup;
			children = (
				32D5040AF080804EBA38775F /* Pods_Mepvengers.framework */,
			);
			name = Frameworks;
			sourceTree = "<group>";
		};
/* End PBXGroup section */

/* Begin PBXNativeTarget section */
		5FA04F5A2A63E0CA006E6FA6 /* Mepvengers */ = {
			isa = PBXNativeTarget;
			buildConfigurationList = 5FA04F6F2A63E0CB006E6FA6 /* Build configuration list for PBXNativeTarget "Mepvengers" */;
			buildPhases = (
				339375324C5D6D5AE5D5A327 /* [CP] Check Pods Manifest.lock */,
				5FA04F572A63E0CA006E6FA6 /* Sources */,
				5FA04F582A63E0CA006E6FA6 /* Frameworks */,
				5FA04F592A63E0CA006E6FA6 /* Resources */,
				2D03AC3FA35CAE38C7B23E11 /* [CP] Embed Pods Frameworks */,
			);
			buildRules = (
			);
			dependencies = (
			);
			name = Mepvengers;
			productName = Mepvengers;
			productReference = 5FA04F5B2A63E0CA006E6FA6 /* Mepvengers.app */;
			productType = "com.apple.product-type.application";
		};
/* End PBXNativeTarget section */

/* Begin PBXProject section */
		5FA04F532A63E0CA006E6FA6 /* Project object */ = {
			isa = PBXProject;
			attributes = {
				BuildIndependentTargetsInParallel = 1;
				LastSwiftUpdateCheck = 1430;
				LastUpgradeCheck = 1430;
				TargetAttributes = {
					5FA04F5A2A63E0CA006E6FA6 = {
						CreatedOnToolsVersion = 14.3.1;
					};
				};
			};
			buildConfigurationList = 5FA04F562A63E0CA006E6FA6 /* Build configuration list for PBXProject "Mepvengers" */;
			compatibilityVersion = "Xcode 14.0";
			developmentRegion = en;
			hasScannedForEncodings = 0;
			knownRegions = (
				en,
				Base,
			);
			mainGroup = 5FA04F522A63E0CA006E6FA6;
			productRefGroup = 5FA04F5C2A63E0CA006E6FA6 /* Products */;
			projectDirPath = "";
			projectRoot = "";
			targets = (
				5FA04F5A2A63E0CA006E6FA6 /* Mepvengers */,
			);
		};
/* End PBXProject section */

/* Begin PBXResourcesBuildPhase section */
		5FA04F592A63E0CA006E6FA6 /* Resources */ = {
			isa = PBXResourcesBuildPhase;
			buildActionMask = 2147483647;
			files = (
				5FA04F6B2A63E0CB006E6FA6 /* LaunchScreen.storyboard in Resources */,
				5FA04F682A63E0CB006E6FA6 /* Assets.xcassets in Resources */,
			);
			runOnlyForDeploymentPostprocessing = 0;
		};
/* End PBXResourcesBuildPhase section */

/* Begin PBXShellScriptBuildPhase section */
		2D03AC3FA35CAE38C7B23E11 /* [CP] Embed Pods Frameworks */ = {
			isa = PBXShellScriptBuildPhase;
			buildActionMask = 2147483647;
			files = (
			);
			inputFileListPaths = (
				"${PODS_ROOT}/Target Support Files/Pods-Mepvengers/Pods-Mepvengers-frameworks-${CONFIGURATION}-input-files.xcfilelist",
			);
			name = "[CP] Embed Pods Frameworks";
			outputFileListPaths = (
				"${PODS_ROOT}/Target Support Files/Pods-Mepvengers/Pods-Mepvengers-frameworks-${CONFIGURATION}-output-files.xcfilelist",
			);
			runOnlyForDeploymentPostprocessing = 0;
			shellPath = /bin/sh;
			shellScript = "\"${PODS_ROOT}/Target Support Files/Pods-Mepvengers/Pods-Mepvengers-frameworks.sh\"\n";
			showEnvVarsInLog = 0;
		};
		339375324C5D6D5AE5D5A327 /* [CP] Check Pods Manifest.lock */ = {
			isa = PBXShellScriptBuildPhase;
			buildActionMask = 2147483647;
			files = (
			);
			inputFileListPaths = (
			);
			inputPaths = (
				"${PODS_PODFILE_DIR_PATH}/Podfile.lock",
				"${PODS_ROOT}/Manifest.lock",
			);
			name = "[CP] Check Pods Manifest.lock";
			outputFileListPaths = (
			);
			outputPaths = (
				"$(DERIVED_FILE_DIR)/Pods-Mepvengers-checkManifestLockResult.txt",
			);
			runOnlyForDeploymentPostprocessing = 0;
			shellPath = /bin/sh;
			shellScript = "diff \"${PODS_PODFILE_DIR_PATH}/Podfile.lock\" \"${PODS_ROOT}/Manifest.lock\" > /dev/null\nif [ $? != 0 ] ; then\n    # print error to STDERR\n    echo \"error: The sandbox is not in sync with the Podfile.lock. Run 'pod install' or update your CocoaPods installation.\" >&2\n    exit 1\nfi\n# This output is used by Xcode 'outputs' to avoid re-running this script phase.\necho \"SUCCESS\" > \"${SCRIPT_OUTPUT_FILE_0}\"\n";
			showEnvVarsInLog = 0;
		};
/* End PBXShellScriptBuildPhase section */

/* Begin PBXSourcesBuildPhase section */
		5FA04F572A63E0CA006E6FA6 /* Sources */ = {
			isa = PBXSourcesBuildPhase;
			buildActionMask = 2147483647;
			files = (
				5FE1651C2A64D5B50016C79D /* BaseViewController.swift in Sources */,
				5FA04F5F2A63E0CA006E6FA6 /* AppDelegate.swift in Sources */,
				5FE1652B2A64DCD00016C79D /* HomeViewController.swift in Sources */,
				5FE1651E2A64D5C80016C79D /* BaseNavigationController.swift in Sources */,
				5FA04F612A63E0CA006E6FA6 /* SceneDelegate.swift in Sources */,
				5FE165492A64F5360016C79D /* HomeTableView.swift in Sources */,
				5FE165262A64D7D40016C79D /* ViewBuilderSpec.swift in Sources */,
				5FE165292A64D9360016C79D /* Theme.swift in Sources */,
				5FE1654F2A6501ED0016C79D /* HomeBarButton.swift in Sources */,
				5FE1654B2A64F5B20016C79D /* HomeTabBarView.swift in Sources */,
				5FE165302A64E4CB0016C79D /* HomeSceneBuilder.swift in Sources */,
				5FE165542A6550B80016C79D /* Logger.swift in Sources */,
				5FE165522A652CF40016C79D /* UIImage.swift in Sources */,
				5FE1654D2A64F5C90016C79D /* HomeCollectionView.swift in Sources */,
			);
			runOnlyForDeploymentPostprocessing = 0;
		};
/* End PBXSourcesBuildPhase section */

/* Begin PBXVariantGroup section */
		5FA04F692A63E0CB006E6FA6 /* LaunchScreen.storyboard */ = {
			isa = PBXVariantGroup;
			children = (
				5FA04F6A2A63E0CB006E6FA6 /* Base */,
			);
			name = LaunchScreen.storyboard;
			sourceTree = "<group>";
		};
/* End PBXVariantGroup section */

/* Begin XCBuildConfiguration section */
		5FA04F6D2A63E0CB006E6FA6 /* Debug */ = {
			isa = XCBuildConfiguration;
			buildSettings = {
				ALWAYS_SEARCH_USER_PATHS = NO;
				CLANG_ANALYZER_NONNULL = YES;
				CLANG_ANALYZER_NUMBER_OBJECT_CONVERSION = YES_AGGRESSIVE;
				CLANG_CXX_LANGUAGE_STANDARD = "gnu++20";
				CLANG_ENABLE_MODULES = YES;
				CLANG_ENABLE_OBJC_ARC = YES;
				CLANG_ENABLE_OBJC_WEAK = YES;
				CLANG_WARN_BLOCK_CAPTURE_AUTORELEASING = YES;
				CLANG_WARN_BOOL_CONVERSION = YES;
				CLANG_WARN_COMMA = YES;
				CLANG_WARN_CONSTANT_CONVERSION = YES;
				CLANG_WARN_DEPRECATED_OBJC_IMPLEMENTATIONS = YES;
				CLANG_WARN_DIRECT_OBJC_ISA_USAGE = YES_ERROR;
				CLANG_WARN_DOCUMENTATION_COMMENTS = YES;
				CLANG_WARN_EMPTY_BODY = YES;
				CLANG_WARN_ENUM_CONVERSION = YES;
				CLANG_WARN_INFINITE_RECURSION = YES;
				CLANG_WARN_INT_CONVERSION = YES;
				CLANG_WARN_NON_LITERAL_NULL_CONVERSION = YES;
				CLANG_WARN_OBJC_IMPLICIT_RETAIN_SELF = YES;
				CLANG_WARN_OBJC_LITERAL_CONVERSION = YES;
				CLANG_WARN_OBJC_ROOT_CLASS = YES_ERROR;
				CLANG_WARN_QUOTED_INCLUDE_IN_FRAMEWORK_HEADER = YES;
				CLANG_WARN_RANGE_LOOP_ANALYSIS = YES;
				CLANG_WARN_STRICT_PROTOTYPES = YES;
				CLANG_WARN_SUSPICIOUS_MOVE = YES;
				CLANG_WARN_UNGUARDED_AVAILABILITY = YES_AGGRESSIVE;
				CLANG_WARN_UNREACHABLE_CODE = YES;
				CLANG_WARN__DUPLICATE_METHOD_MATCH = YES;
				COPY_PHASE_STRIP = NO;
				DEBUG_INFORMATION_FORMAT = dwarf;
				ENABLE_STRICT_OBJC_MSGSEND = YES;
				ENABLE_TESTABILITY = YES;
				GCC_C_LANGUAGE_STANDARD = gnu11;
				GCC_DYNAMIC_NO_PIC = NO;
				GCC_NO_COMMON_BLOCKS = YES;
				GCC_OPTIMIZATION_LEVEL = 0;
				GCC_PREPROCESSOR_DEFINITIONS = (
					"DEBUG=1",
					"$(inherited)",
				);
				GCC_WARN_64_TO_32_BIT_CONVERSION = YES;
				GCC_WARN_ABOUT_RETURN_TYPE = YES_ERROR;
				GCC_WARN_UNDECLARED_SELECTOR = YES;
				GCC_WARN_UNINITIALIZED_AUTOS = YES_AGGRESSIVE;
				GCC_WARN_UNUSED_FUNCTION = YES;
				GCC_WARN_UNUSED_VARIABLE = YES;
				IPHONEOS_DEPLOYMENT_TARGET = 16.4;
				MTL_ENABLE_DEBUG_INFO = INCLUDE_SOURCE;
				MTL_FAST_MATH = YES;
				ONLY_ACTIVE_ARCH = YES;
				SDKROOT = iphoneos;
				SWIFT_ACTIVE_COMPILATION_CONDITIONS = DEBUG;
				SWIFT_OPTIMIZATION_LEVEL = "-Onone";
			};
			name = Debug;
		};
		5FA04F6E2A63E0CB006E6FA6 /* Release */ = {
			isa = XCBuildConfiguration;
			buildSettings = {
				ALWAYS_SEARCH_USER_PATHS = NO;
				CLANG_ANALYZER_NONNULL = YES;
				CLANG_ANALYZER_NUMBER_OBJECT_CONVERSION = YES_AGGRESSIVE;
				CLANG_CXX_LANGUAGE_STANDARD = "gnu++20";
				CLANG_ENABLE_MODULES = YES;
				CLANG_ENABLE_OBJC_ARC = YES;
				CLANG_ENABLE_OBJC_WEAK = YES;
				CLANG_WARN_BLOCK_CAPTURE_AUTORELEASING = YES;
				CLANG_WARN_BOOL_CONVERSION = YES;
				CLANG_WARN_COMMA = YES;
				CLANG_WARN_CONSTANT_CONVERSION = YES;
				CLANG_WARN_DEPRECATED_OBJC_IMPLEMENTATIONS = YES;
				CLANG_WARN_DIRECT_OBJC_ISA_USAGE = YES_ERROR;
				CLANG_WARN_DOCUMENTATION_COMMENTS = YES;
				CLANG_WARN_EMPTY_BODY = YES;
				CLANG_WARN_ENUM_CONVERSION = YES;
				CLANG_WARN_INFINITE_RECURSION = YES;
				CLANG_WARN_INT_CONVERSION = YES;
				CLANG_WARN_NON_LITERAL_NULL_CONVERSION = YES;
				CLANG_WARN_OBJC_IMPLICIT_RETAIN_SELF = YES;
				CLANG_WARN_OBJC_LITERAL_CONVERSION = YES;
				CLANG_WARN_OBJC_ROOT_CLASS = YES_ERROR;
				CLANG_WARN_QUOTED_INCLUDE_IN_FRAMEWORK_HEADER = YES;
				CLANG_WARN_RANGE_LOOP_ANALYSIS = YES;
				CLANG_WARN_STRICT_PROTOTYPES = YES;
				CLANG_WARN_SUSPICIOUS_MOVE = YES;
				CLANG_WARN_UNGUARDED_AVAILABILITY = YES_AGGRESSIVE;
				CLANG_WARN_UNREACHABLE_CODE = YES;
				CLANG_WARN__DUPLICATE_METHOD_MATCH = YES;
				COPY_PHASE_STRIP = NO;
				DEBUG_INFORMATION_FORMAT = "dwarf-with-dsym";
				ENABLE_NS_ASSERTIONS = NO;
				ENABLE_STRICT_OBJC_MSGSEND = YES;
				GCC_C_LANGUAGE_STANDARD = gnu11;
				GCC_NO_COMMON_BLOCKS = YES;
				GCC_WARN_64_TO_32_BIT_CONVERSION = YES;
				GCC_WARN_ABOUT_RETURN_TYPE = YES_ERROR;
				GCC_WARN_UNDECLARED_SELECTOR = YES;
				GCC_WARN_UNINITIALIZED_AUTOS = YES_AGGRESSIVE;
				GCC_WARN_UNUSED_FUNCTION = YES;
				GCC_WARN_UNUSED_VARIABLE = YES;
				IPHONEOS_DEPLOYMENT_TARGET = 16.4;
				MTL_ENABLE_DEBUG_INFO = NO;
				MTL_FAST_MATH = YES;
				SDKROOT = iphoneos;
				SWIFT_COMPILATION_MODE = wholemodule;
				SWIFT_OPTIMIZATION_LEVEL = "-O";
				VALIDATE_PRODUCT = YES;
			};
			name = Release;
		};
		5FA04F702A63E0CB006E6FA6 /* Debug */ = {
			isa = XCBuildConfiguration;
			baseConfigurationReference = 68A7AAEDA7EADAEC5FC6CFDA /* Pods-Mepvengers.debug.xcconfig */;
			buildSettings = {
				ASSETCATALOG_COMPILER_APPICON_NAME = AppIcon;
				ASSETCATALOG_COMPILER_GLOBAL_ACCENT_COLOR_NAME = AccentColor;
				CODE_SIGN_STYLE = Automatic;
				CURRENT_PROJECT_VERSION = 1;
				GENERATE_INFOPLIST_FILE = YES;
				INFOPLIST_FILE = Mepvengers/Info.plist;
				INFOPLIST_KEY_UIApplicationSupportsIndirectInputEvents = YES;
				INFOPLIST_KEY_UILaunchStoryboardName = LaunchScreen;
				INFOPLIST_KEY_UIMainStoryboardFile = "";
				INFOPLIST_KEY_UISupportedInterfaceOrientations_iPad = "UIInterfaceOrientationPortrait UIInterfaceOrientationPortraitUpsideDown UIInterfaceOrientationLandscapeLeft UIInterfaceOrientationLandscapeRight";
				INFOPLIST_KEY_UISupportedInterfaceOrientations_iPhone = "UIInterfaceOrientationPortrait UIInterfaceOrientationLandscapeLeft UIInterfaceOrientationLandscapeRight";
				LD_RUNPATH_SEARCH_PATHS = (
					"$(inherited)",
					"@executable_path/Frameworks",
				);
				MARKETING_VERSION = 1.0;
				PRODUCT_BUNDLE_IDENTIFIER = "------.Mepvengers";
				PRODUCT_NAME = "$(TARGET_NAME)";
				SWIFT_EMIT_LOC_STRINGS = YES;
				SWIFT_VERSION = 5.0;
				TARGETED_DEVICE_FAMILY = "1,2";
			};
			name = Debug;
		};
		5FA04F712A63E0CB006E6FA6 /* Release */ = {
			isa = XCBuildConfiguration;
			baseConfigurationReference = 9A42A90DA341D908A0BA45F7 /* Pods-Mepvengers.release.xcconfig */;
			buildSettings = {
				ASSETCATALOG_COMPILER_APPICON_NAME = AppIcon;
				ASSETCATALOG_COMPILER_GLOBAL_ACCENT_COLOR_NAME = AccentColor;
				CODE_SIGN_STYLE = Automatic;
				CURRENT_PROJECT_VERSION = 1;
				GENERATE_INFOPLIST_FILE = YES;
				INFOPLIST_FILE = Mepvengers/Info.plist;
				INFOPLIST_KEY_UIApplicationSupportsIndirectInputEvents = YES;
				INFOPLIST_KEY_UILaunchStoryboardName = LaunchScreen;
				INFOPLIST_KEY_UIMainStoryboardFile = "";
				INFOPLIST_KEY_UISupportedInterfaceOrientations_iPad = "UIInterfaceOrientationPortrait UIInterfaceOrientationPortraitUpsideDown UIInterfaceOrientationLandscapeLeft UIInterfaceOrientationLandscapeRight";
				INFOPLIST_KEY_UISupportedInterfaceOrientations_iPhone = "UIInterfaceOrientationPortrait UIInterfaceOrientationLandscapeLeft UIInterfaceOrientationLandscapeRight";
				LD_RUNPATH_SEARCH_PATHS = (
					"$(inherited)",
					"@executable_path/Frameworks",
				);
				MARKETING_VERSION = 1.0;
				PRODUCT_BUNDLE_IDENTIFIER = "------.Mepvengers";
				PRODUCT_NAME = "$(TARGET_NAME)";
				SWIFT_EMIT_LOC_STRINGS = YES;
				SWIFT_VERSION = 5.0;
				TARGETED_DEVICE_FAMILY = "1,2";
			};
			name = Release;
		};
/* End XCBuildConfiguration section */

/* Begin XCConfigurationList section */
		5FA04F562A63E0CA006E6FA6 /* Build configuration list for PBXProject "Mepvengers" */ = {
			isa = XCConfigurationList;
			buildConfigurations = (
				5FA04F6D2A63E0CB006E6FA6 /* Debug */,
				5FA04F6E2A63E0CB006E6FA6 /* Release */,
			);
			defaultConfigurationIsVisible = 0;
			defaultConfigurationName = Release;
		};
		5FA04F6F2A63E0CB006E6FA6 /* Build configuration list for PBXNativeTarget "Mepvengers" */ = {
			isa = XCConfigurationList;
			buildConfigurations = (
				5FA04F702A63E0CB006E6FA6 /* Debug */,
				5FA04F712A63E0CB006E6FA6 /* Release */,
			);
			defaultConfigurationIsVisible = 0;
			defaultConfigurationName = Release;
		};
/* End XCConfigurationList section */
	};
	rootObject = 5FA04F532A63E0CA006E6FA6 /* Project object */;
}
